// !$*UTF8*$!
{
	archiveVersion = 1;
	classes = {
	};
	objectVersion = 55;
	objects = {

/* Begin PBXBuildFile section */
		1F01E67727DCA46100544292 /* Article.swift in Sources */ = {isa = PBXBuildFile; fileRef = 1F01E67627DCA46100544292 /* Article.swift */; };
		1F01E67B27DCA69000544292 /* Cart.swift in Sources */ = {isa = PBXBuildFile; fileRef = 1F01E67A27DCA69000544292 /* Cart.swift */; };
		1F5953CB27DB87BC0084A567 /* Toolbar.swift in Sources */ = {isa = PBXBuildFile; fileRef = 1F5953CA27DB87BC0084A567 /* Toolbar.swift */; };
		1F8AA55B27E0D78E00F0FFC3 /* Response.swift in Sources */ = {isa = PBXBuildFile; fileRef = 1F8AA55A27E0D78E00F0FFC3 /* Response.swift */; };
		1F8AA55F27E0D94700F0FFC3 /* Links.swift in Sources */ = {isa = PBXBuildFile; fileRef = 1F8AA55E27E0D94700F0FFC3 /* Links.swift */; };
		1F8AA56327E0D9AC00F0FFC3 /* Link.swift in Sources */ = {isa = PBXBuildFile; fileRef = 1F8AA56227E0D9AC00F0FFC3 /* Link.swift */; };
		1F8AA56527E0DA2F00F0FFC3 /* Embedded.swift in Sources */ = {isa = PBXBuildFile; fileRef = 1F8AA56427E0DA2F00F0FFC3 /* Embedded.swift */; };
		1F8AA56727E0DA8100F0FFC3 /* Category.swift in Sources */ = {isa = PBXBuildFile; fileRef = 1F8AA56627E0DA8100F0FFC3 /* Category.swift */; };
		1F8AA56A27E0DB8400F0FFC3 /* Details.swift in Sources */ = {isa = PBXBuildFile; fileRef = 1F8AA56927E0DB8400F0FFC3 /* Details.swift */; };
		1F8AA56D27E0DCA500F0FFC3 /* Api.swift in Sources */ = {isa = PBXBuildFile; fileRef = 1F8AA56C27E0DCA500F0FFC3 /* Api.swift */; };
		1F8AA56F27E37A7300F0FFC3 /* CacheHandler.swift in Sources */ = {isa = PBXBuildFile; fileRef = 1F8AA56E27E37A7300F0FFC3 /* CacheHandler.swift */; };
		1F8AA57727E39A2900F0FFC3 /* CachedImage.swift in Sources */ = {isa = PBXBuildFile; fileRef = 1F8AA57627E39A2900F0FFC3 /* CachedImage.swift */; };
		1FB414CD27E88089008729EC /* ArticleList.swift in Sources */ = {isa = PBXBuildFile; fileRef = 1FB414CC27E88089008729EC /* ArticleList.swift */; };
		1FE0526C27DDF737007914D8 /* MapController.swift in Sources */ = {isa = PBXBuildFile; fileRef = 1FE0526B27DDF737007914D8 /* MapController.swift */; };
		1FE3FCCD27DA4A9F005A5EA9 /* CartArticle.swift in Sources */ = {isa = PBXBuildFile; fileRef = 1FE3FCCC27DA4A9F005A5EA9 /* CartArticle.swift */; };
		1FEBC69127D654E3009430F1 /* mt_shop_iosApp.swift in Sources */ = {isa = PBXBuildFile; fileRef = 1FEBC69027D654E3009430F1 /* mt_shop_iosApp.swift */; };
		1FEBC69327D654E3009430F1 /* ContentView.swift in Sources */ = {isa = PBXBuildFile; fileRef = 1FEBC69227D654E3009430F1 /* ContentView.swift */; };
		1FEBC69527D654E4009430F1 /* Assets.xcassets in Resources */ = {isa = PBXBuildFile; fileRef = 1FEBC69427D654E4009430F1 /* Assets.xcassets */; };
		1FEBC69827D654E4009430F1 /* Preview Assets.xcassets in Resources */ = {isa = PBXBuildFile; fileRef = 1FEBC69727D654E4009430F1 /* Preview Assets.xcassets */; };
		1FEBC6A227D654E4009430F1 /* mt_shop_iosTests.swift in Sources */ = {isa = PBXBuildFile; fileRef = 1FEBC6A127D654E4009430F1 /* mt_shop_iosTests.swift */; };
		1FEBC6AC27D654E4009430F1 /* mt_shop_iosUITests.swift in Sources */ = {isa = PBXBuildFile; fileRef = 1FEBC6AB27D654E4009430F1 /* mt_shop_iosUITests.swift */; };
		1FEBC6AE27D654E4009430F1 /* mt_shop_iosUITestsLaunchTests.swift in Sources */ = {isa = PBXBuildFile; fileRef = 1FEBC6AD27D654E4009430F1 /* mt_shop_iosUITestsLaunchTests.swift */; };
		1FEBC6BC27D6576A009430F1 /* SpotlightUI.swift in Sources */ = {isa = PBXBuildFile; fileRef = 1FEBC6BB27D6576A009430F1 /* SpotlightUI.swift */; };
		1FEBC6BE27D657A6009430F1 /* CategoriesUI.swift in Sources */ = {isa = PBXBuildFile; fileRef = 1FEBC6BD27D657A6009430F1 /* CategoriesUI.swift */; };
		1FEBC6C227D657F9009430F1 /* CartUI.swift in Sources */ = {isa = PBXBuildFile; fileRef = 1FEBC6C127D657F9009430F1 /* CartUI.swift */; };
		1FEBC6C427D65809009430F1 /* MapUI.swift in Sources */ = {isa = PBXBuildFile; fileRef = 1FEBC6C327D65809009430F1 /* MapUI.swift */; };
		1FEBC6CE27D671B0009430F1 /* ArticleUI.swift in Sources */ = {isa = PBXBuildFile; fileRef = 1FEBC6CD27D671B0009430F1 /* ArticleUI.swift */; };
/* End PBXBuildFile section */

/* Begin PBXContainerItemProxy section */
		1FEBC69E27D654E4009430F1 /* PBXContainerItemProxy */ = {
			isa = PBXContainerItemProxy;
			containerPortal = 1FEBC68527D654E3009430F1 /* Project object */;
			proxyType = 1;
			remoteGlobalIDString = 1FEBC68C27D654E3009430F1;
			remoteInfo = "mt-shop-ios";
		};
		1FEBC6A827D654E4009430F1 /* PBXContainerItemProxy */ = {
			isa = PBXContainerItemProxy;
			containerPortal = 1FEBC68527D654E3009430F1 /* Project object */;
			proxyType = 1;
			remoteGlobalIDString = 1FEBC68C27D654E3009430F1;
			remoteInfo = "mt-shop-ios";
		};
/* End PBXContainerItemProxy section */

/* Begin PBXFileReference section */
		1F01E67627DCA46100544292 /* Article.swift */ = {isa = PBXFileReference; lastKnownFileType = sourcecode.swift; path = Article.swift; sourceTree = "<group>"; };
		1F01E67A27DCA69000544292 /* Cart.swift */ = {isa = PBXFileReference; lastKnownFileType = sourcecode.swift; path = Cart.swift; sourceTree = "<group>"; };
		1F5953CA27DB87BC0084A567 /* Toolbar.swift */ = {isa = PBXFileReference; lastKnownFileType = sourcecode.swift; path = Toolbar.swift; sourceTree = "<group>"; };
		1F8AA55A27E0D78E00F0FFC3 /* Response.swift */ = {isa = PBXFileReference; lastKnownFileType = sourcecode.swift; path = Response.swift; sourceTree = "<group>"; };
		1F8AA55E27E0D94700F0FFC3 /* Links.swift */ = {isa = PBXFileReference; lastKnownFileType = sourcecode.swift; path = Links.swift; sourceTree = "<group>"; };
		1F8AA56227E0D9AC00F0FFC3 /* Link.swift */ = {isa = PBXFileReference; lastKnownFileType = sourcecode.swift; path = Link.swift; sourceTree = "<group>"; };
		1F8AA56427E0DA2F00F0FFC3 /* Embedded.swift */ = {isa = PBXFileReference; lastKnownFileType = sourcecode.swift; path = Embedded.swift; sourceTree = "<group>"; };
		1F8AA56627E0DA8100F0FFC3 /* Category.swift */ = {isa = PBXFileReference; lastKnownFileType = sourcecode.swift; path = Category.swift; sourceTree = "<group>"; };
		1F8AA56927E0DB8400F0FFC3 /* Details.swift */ = {isa = PBXFileReference; lastKnownFileType = sourcecode.swift; path = Details.swift; sourceTree = "<group>"; };
		1F8AA56C27E0DCA500F0FFC3 /* Api.swift */ = {isa = PBXFileReference; lastKnownFileType = sourcecode.swift; path = Api.swift; sourceTree = "<group>"; };
		1F8AA56E27E37A7300F0FFC3 /* CacheHandler.swift */ = {isa = PBXFileReference; lastKnownFileType = sourcecode.swift; path = CacheHandler.swift; sourceTree = "<group>"; };
		1F8AA57627E39A2900F0FFC3 /* CachedImage.swift */ = {isa = PBXFileReference; lastKnownFileType = sourcecode.swift; path = CachedImage.swift; sourceTree = "<group>"; };
		1FB414CC27E88089008729EC /* ArticleList.swift */ = {isa = PBXFileReference; lastKnownFileType = sourcecode.swift; path = ArticleList.swift; sourceTree = "<group>"; };
		1FE0526B27DDF737007914D8 /* MapController.swift */ = {isa = PBXFileReference; lastKnownFileType = sourcecode.swift; path = MapController.swift; sourceTree = "<group>"; };
		1FE0526F27DDF846007914D8 /* MapKit.framework */ = {isa = PBXFileReference; lastKnownFileType = wrapper.framework; name = MapKit.framework; path = System/Library/Frameworks/MapKit.framework; sourceTree = SDKROOT; };
		1FE0527127DDFA64007914D8 /* Info.plist */ = {isa = PBXFileReference; fileEncoding = 4; lastKnownFileType = text.plist.xml; path = Info.plist; sourceTree = "<group>"; };
		1FE3FCCC27DA4A9F005A5EA9 /* CartArticle.swift */ = {isa = PBXFileReference; lastKnownFileType = sourcecode.swift; path = CartArticle.swift; sourceTree = "<group>"; };
		1FEBC68D27D654E3009430F1 /* mt-shop-ios.app */ = {isa = PBXFileReference; explicitFileType = wrapper.application; includeInIndex = 0; path = "mt-shop-ios.app"; sourceTree = BUILT_PRODUCTS_DIR; };
		1FEBC69027D654E3009430F1 /* mt_shop_iosApp.swift */ = {isa = PBXFileReference; lastKnownFileType = sourcecode.swift; path = mt_shop_iosApp.swift; sourceTree = "<group>"; };
		1FEBC69227D654E3009430F1 /* ContentView.swift */ = {isa = PBXFileReference; lastKnownFileType = sourcecode.swift; path = ContentView.swift; sourceTree = "<group>"; };
		1FEBC69427D654E4009430F1 /* Assets.xcassets */ = {isa = PBXFileReference; lastKnownFileType = folder.assetcatalog; path = Assets.xcassets; sourceTree = "<group>"; };
		1FEBC69727D654E4009430F1 /* Preview Assets.xcassets */ = {isa = PBXFileReference; lastKnownFileType = folder.assetcatalog; path = "Preview Assets.xcassets"; sourceTree = "<group>"; };
		1FEBC69D27D654E4009430F1 /* mt-shop-iosTests.xctest */ = {isa = PBXFileReference; explicitFileType = wrapper.cfbundle; includeInIndex = 0; path = "mt-shop-iosTests.xctest"; sourceTree = BUILT_PRODUCTS_DIR; };
		1FEBC6A127D654E4009430F1 /* mt_shop_iosTests.swift */ = {isa = PBXFileReference; lastKnownFileType = sourcecode.swift; path = mt_shop_iosTests.swift; sourceTree = "<group>"; };
		1FEBC6A727D654E4009430F1 /* mt-shop-iosUITests.xctest */ = {isa = PBXFileReference; explicitFileType = wrapper.cfbundle; includeInIndex = 0; path = "mt-shop-iosUITests.xctest"; sourceTree = BUILT_PRODUCTS_DIR; };
		1FEBC6AB27D654E4009430F1 /* mt_shop_iosUITests.swift */ = {isa = PBXFileReference; lastKnownFileType = sourcecode.swift; path = mt_shop_iosUITests.swift; sourceTree = "<group>"; };
		1FEBC6AD27D654E4009430F1 /* mt_shop_iosUITestsLaunchTests.swift */ = {isa = PBXFileReference; lastKnownFileType = sourcecode.swift; path = mt_shop_iosUITestsLaunchTests.swift; sourceTree = "<group>"; };
		1FEBC6BB27D6576A009430F1 /* SpotlightUI.swift */ = {isa = PBXFileReference; lastKnownFileType = sourcecode.swift; path = SpotlightUI.swift; sourceTree = "<group>"; };
		1FEBC6BD27D657A6009430F1 /* CategoriesUI.swift */ = {isa = PBXFileReference; lastKnownFileType = sourcecode.swift; path = CategoriesUI.swift; sourceTree = "<group>"; };
		1FEBC6C127D657F9009430F1 /* CartUI.swift */ = {isa = PBXFileReference; lastKnownFileType = sourcecode.swift; path = CartUI.swift; sourceTree = "<group>"; };
		1FEBC6C327D65809009430F1 /* MapUI.swift */ = {isa = PBXFileReference; lastKnownFileType = sourcecode.swift; path = MapUI.swift; sourceTree = "<group>"; };
		1FEBC6CD27D671B0009430F1 /* ArticleUI.swift */ = {isa = PBXFileReference; lastKnownFileType = sourcecode.swift; path = ArticleUI.swift; sourceTree = "<group>"; };
/* End PBXFileReference section */

/* Begin PBXFrameworksBuildPhase section */
		1FEBC68A27D654E3009430F1 /* Frameworks */ = {
			isa = PBXFrameworksBuildPhase;
			buildActionMask = 2147483647;
			files = (
			);
			runOnlyForDeploymentPostprocessing = 0;
		};
		1FEBC69A27D654E4009430F1 /* Frameworks */ = {
			isa = PBXFrameworksBuildPhase;
			buildActionMask = 2147483647;
			files = (
			);
			runOnlyForDeploymentPostprocessing = 0;
		};
		1FEBC6A427D654E4009430F1 /* Frameworks */ = {
			isa = PBXFrameworksBuildPhase;
			buildActionMask = 2147483647;
			files = (
			);
			runOnlyForDeploymentPostprocessing = 0;
		};
/* End PBXFrameworksBuildPhase section */

/* Begin PBXGroup section */
		1F8AA56827E0DA9F00F0FFC3 /* gen */ = {
			isa = PBXGroup;
			children = (
				1F8AA55A27E0D78E00F0FFC3 /* Response.swift */,
				1F01E67627DCA46100544292 /* Article.swift */,
				1F8AA55E27E0D94700F0FFC3 /* Links.swift */,
				1F8AA56627E0DA8100F0FFC3 /* Category.swift */,
				1F8AA56427E0DA2F00F0FFC3 /* Embedded.swift */,
				1F8AA56227E0D9AC00F0FFC3 /* Link.swift */,
				1F8AA56927E0DB8400F0FFC3 /* Details.swift */,
			);
			path = gen;
			sourceTree = "<group>";
		};
		1F8AA56B27E0DC9A00F0FFC3 /* util */ = {
			isa = PBXGroup;
			children = (
				1F8AA56C27E0DCA500F0FFC3 /* Api.swift */,
				1F8AA56E27E37A7300F0FFC3 /* CacheHandler.swift */,
				1F8AA57627E39A2900F0FFC3 /* CachedImage.swift */,
			);
			path = util;
			sourceTree = "<group>";
		};
		1FE0526E27DDF846007914D8 /* Frameworks */ = {
			isa = PBXGroup;
			children = (
				1FE0526F27DDF846007914D8 /* MapKit.framework */,
			);
			name = Frameworks;
			sourceTree = "<group>";
		};
		1FEBC68427D654E3009430F1 = {
			isa = PBXGroup;
			children = (
				1FEBC68F27D654E3009430F1 /* mt-shop-ios */,
				1FEBC6A027D654E4009430F1 /* mt-shop-iosTests */,
				1FEBC6AA27D654E4009430F1 /* mt-shop-iosUITests */,
				1FEBC68E27D654E3009430F1 /* Products */,
				1FE0526E27DDF846007914D8 /* Frameworks */,
			);
			sourceTree = "<group>";
		};
		1FEBC68E27D654E3009430F1 /* Products */ = {
			isa = PBXGroup;
			children = (
				1FEBC68D27D654E3009430F1 /* mt-shop-ios.app */,
				1FEBC69D27D654E4009430F1 /* mt-shop-iosTests.xctest */,
				1FEBC6A727D654E4009430F1 /* mt-shop-iosUITests.xctest */,
			);
			name = Products;
			sourceTree = "<group>";
		};
		1FEBC68F27D654E3009430F1 /* mt-shop-ios */ = {
			isa = PBXGroup;
			children = (
				1F8AA56B27E0DC9A00F0FFC3 /* util */,
				1FE0527127DDFA64007914D8 /* Info.plist */,
				1FEBC6CA27D66FF8009430F1 /* objects */,
				1FEBC6C527D65AC6009430F1 /* controller */,
				1FEBC6BA27D6574D009430F1 /* views */,
				1FEBC69027D654E3009430F1 /* mt_shop_iosApp.swift */,
				1FEBC69227D654E3009430F1 /* ContentView.swift */,
				1FEBC69427D654E4009430F1 /* Assets.xcassets */,
				1FEBC69627D654E4009430F1 /* Preview Content */,
				1F5953CA27DB87BC0084A567 /* Toolbar.swift */,
			);
			path = "mt-shop-ios";
			sourceTree = "<group>";
		};
		1FEBC69627D654E4009430F1 /* Preview Content */ = {
			isa = PBXGroup;
			children = (
				1FEBC69727D654E4009430F1 /* Preview Assets.xcassets */,
			);
			path = "Preview Content";
			sourceTree = "<group>";
		};
		1FEBC6A027D654E4009430F1 /* mt-shop-iosTests */ = {
			isa = PBXGroup;
			children = (
				1FEBC6A127D654E4009430F1 /* mt_shop_iosTests.swift */,
			);
			path = "mt-shop-iosTests";
			sourceTree = "<group>";
		};
		1FEBC6AA27D654E4009430F1 /* mt-shop-iosUITests */ = {
			isa = PBXGroup;
			children = (
				1FEBC6AB27D654E4009430F1 /* mt_shop_iosUITests.swift */,
				1FEBC6AD27D654E4009430F1 /* mt_shop_iosUITestsLaunchTests.swift */,
			);
			path = "mt-shop-iosUITests";
			sourceTree = "<group>";
		};
		1FEBC6BA27D6574D009430F1 /* views */ = {
			isa = PBXGroup;
			children = (
				1FEBC6BB27D6576A009430F1 /* SpotlightUI.swift */,
				1FEBC6BD27D657A6009430F1 /* CategoriesUI.swift */,
				1FEBC6C127D657F9009430F1 /* CartUI.swift */,
				1FEBC6C327D65809009430F1 /* MapUI.swift */,
				1FEBC6CD27D671B0009430F1 /* ArticleUI.swift */,
				1FB414CC27E88089008729EC /* ArticleList.swift */,
			);
			path = views;
			sourceTree = "<group>";
		};
		1FEBC6C527D65AC6009430F1 /* controller */ = {
			isa = PBXGroup;
			children = (
				1FE0526B27DDF737007914D8 /* MapController.swift */,
			);
			path = controller;
			sourceTree = "<group>";
		};
		1FEBC6CA27D66FF8009430F1 /* objects */ = {
			isa = PBXGroup;
			children = (
				1F8AA56827E0DA9F00F0FFC3 /* gen */,
				1FE3FCCC27DA4A9F005A5EA9 /* CartArticle.swift */,
				1F01E67A27DCA69000544292 /* Cart.swift */,
			);
			path = objects;
			sourceTree = "<group>";
		};
/* End PBXGroup section */

/* Begin PBXNativeTarget section */
		1FEBC68C27D654E3009430F1 /* mt-shop-ios */ = {
			isa = PBXNativeTarget;
			buildConfigurationList = 1FEBC6B127D654E4009430F1 /* Build configuration list for PBXNativeTarget "mt-shop-ios" */;
			buildPhases = (
				1FEBC68927D654E3009430F1 /* Sources */,
				1FEBC68A27D654E3009430F1 /* Frameworks */,
				1FEBC68B27D654E3009430F1 /* Resources */,
			);
			buildRules = (
			);
			dependencies = (
			);
			name = "mt-shop-ios";
			productName = "mt-shop-ios";
			productReference = 1FEBC68D27D654E3009430F1 /* mt-shop-ios.app */;
			productType = "com.apple.product-type.application";
		};
		1FEBC69C27D654E4009430F1 /* mt-shop-iosTests */ = {
			isa = PBXNativeTarget;
			buildConfigurationList = 1FEBC6B427D654E4009430F1 /* Build configuration list for PBXNativeTarget "mt-shop-iosTests" */;
			buildPhases = (
				1FEBC69927D654E4009430F1 /* Sources */,
				1FEBC69A27D654E4009430F1 /* Frameworks */,
				1FEBC69B27D654E4009430F1 /* Resources */,
			);
			buildRules = (
			);
			dependencies = (
				1FEBC69F27D654E4009430F1 /* PBXTargetDependency */,
			);
			name = "mt-shop-iosTests";
			productName = "mt-shop-iosTests";
			productReference = 1FEBC69D27D654E4009430F1 /* mt-shop-iosTests.xctest */;
			productType = "com.apple.product-type.bundle.unit-test";
		};
		1FEBC6A627D654E4009430F1 /* mt-shop-iosUITests */ = {
			isa = PBXNativeTarget;
			buildConfigurationList = 1FEBC6B727D654E4009430F1 /* Build configuration list for PBXNativeTarget "mt-shop-iosUITests" */;
			buildPhases = (
				1FEBC6A327D654E4009430F1 /* Sources */,
				1FEBC6A427D654E4009430F1 /* Frameworks */,
				1FEBC6A527D654E4009430F1 /* Resources */,
			);
			buildRules = (
			);
			dependencies = (
				1FEBC6A927D654E4009430F1 /* PBXTargetDependency */,
			);
			name = "mt-shop-iosUITests";
			productName = "mt-shop-iosUITests";
			productReference = 1FEBC6A727D654E4009430F1 /* mt-shop-iosUITests.xctest */;
			productType = "com.apple.product-type.bundle.ui-testing";
		};
/* End PBXNativeTarget section */

/* Begin PBXProject section */
		1FEBC68527D654E3009430F1 /* Project object */ = {
			isa = PBXProject;
			attributes = {
				BuildIndependentTargetsInParallel = 1;
				LastSwiftUpdateCheck = 1320;
				LastUpgradeCheck = 1320;
				TargetAttributes = {
					1FEBC68C27D654E3009430F1 = {
						CreatedOnToolsVersion = 13.2.1;
					};
					1FEBC69C27D654E4009430F1 = {
						CreatedOnToolsVersion = 13.2.1;
						TestTargetID = 1FEBC68C27D654E3009430F1;
					};
					1FEBC6A627D654E4009430F1 = {
						CreatedOnToolsVersion = 13.2.1;
						TestTargetID = 1FEBC68C27D654E3009430F1;
					};
				};
			};
			buildConfigurationList = 1FEBC68827D654E3009430F1 /* Build configuration list for PBXProject "mt-shop-ios" */;
			compatibilityVersion = "Xcode 13.0";
			developmentRegion = en;
			hasScannedForEncodings = 0;
			knownRegions = (
				en,
				Base,
			);
			mainGroup = 1FEBC68427D654E3009430F1;
			productRefGroup = 1FEBC68E27D654E3009430F1 /* Products */;
			projectDirPath = "";
			projectRoot = "";
			targets = (
				1FEBC68C27D654E3009430F1 /* mt-shop-ios */,
				1FEBC69C27D654E4009430F1 /* mt-shop-iosTests */,
				1FEBC6A627D654E4009430F1 /* mt-shop-iosUITests */,
			);
		};
/* End PBXProject section */

/* Begin PBXResourcesBuildPhase section */
		1FEBC68B27D654E3009430F1 /* Resources */ = {
			isa = PBXResourcesBuildPhase;
			buildActionMask = 2147483647;
			files = (
				1FEBC69827D654E4009430F1 /* Preview Assets.xcassets in Resources */,
				1FEBC69527D654E4009430F1 /* Assets.xcassets in Resources */,
			);
			runOnlyForDeploymentPostprocessing = 0;
		};
		1FEBC69B27D654E4009430F1 /* Resources */ = {
			isa = PBXResourcesBuildPhase;
			buildActionMask = 2147483647;
			files = (
			);
			runOnlyForDeploymentPostprocessing = 0;
		};
		1FEBC6A527D654E4009430F1 /* Resources */ = {
			isa = PBXResourcesBuildPhase;
			buildActionMask = 2147483647;
			files = (
			);
			runOnlyForDeploymentPostprocessing = 0;
		};
/* End PBXResourcesBuildPhase section */

/* Begin PBXSourcesBuildPhase section */
		1FEBC68927D654E3009430F1 /* Sources */ = {
			isa = PBXSourcesBuildPhase;
			buildActionMask = 2147483647;
			files = (
				1FEBC6BC27D6576A009430F1 /* SpotlightUI.swift in Sources */,
				1F01E67B27DCA69000544292 /* Cart.swift in Sources */,
				1F01E67727DCA46100544292 /* Article.swift in Sources */,
				1FEBC6C227D657F9009430F1 /* CartUI.swift in Sources */,
				1F8AA56327E0D9AC00F0FFC3 /* Link.swift in Sources */,
				1F8AA55F27E0D94700F0FFC3 /* Links.swift in Sources */,
				1FEBC6C427D65809009430F1 /* MapUI.swift in Sources */,
				1FEBC6BE27D657A6009430F1 /* CategoriesUI.swift in Sources */,
				1FEBC69327D654E3009430F1 /* ContentView.swift in Sources */,
				1FE0526C27DDF737007914D8 /* MapController.swift in Sources */,
				1F8AA56F27E37A7300F0FFC3 /* CacheHandler.swift in Sources */,
				1F8AA56D27E0DCA500F0FFC3 /* Api.swift in Sources */,
				1F8AA56527E0DA2F00F0FFC3 /* Embedded.swift in Sources */,
				1F8AA57727E39A2900F0FFC3 /* CachedImage.swift in Sources */,
				1F8AA56A27E0DB8400F0FFC3 /* Details.swift in Sources */,
				1F8AA56727E0DA8100F0FFC3 /* Category.swift in Sources */,
				1FEBC6CE27D671B0009430F1 /* ArticleUI.swift in Sources */,
				1F5953CB27DB87BC0084A567 /* Toolbar.swift in Sources */,
				1F8AA55B27E0D78E00F0FFC3 /* Response.swift in Sources */,
				1FE3FCCD27DA4A9F005A5EA9 /* CartArticle.swift in Sources */,
				1FEBC69127D654E3009430F1 /* mt_shop_iosApp.swift in Sources */,
				1FB414CD27E88089008729EC /* ArticleList.swift in Sources */,
			);
			runOnlyForDeploymentPostprocessing = 0;
		};
		1FEBC69927D654E4009430F1 /* Sources */ = {
			isa = PBXSourcesBuildPhase;
			buildActionMask = 2147483647;
			files = (
				1FEBC6A227D654E4009430F1 /* mt_shop_iosTests.swift in Sources */,
			);
			runOnlyForDeploymentPostprocessing = 0;
		};
		1FEBC6A327D654E4009430F1 /* Sources */ = {
			isa = PBXSourcesBuildPhase;
			buildActionMask = 2147483647;
			files = (
				1FEBC6AC27D654E4009430F1 /* mt_shop_iosUITests.swift in Sources */,
				1FEBC6AE27D654E4009430F1 /* mt_shop_iosUITestsLaunchTests.swift in Sources */,
			);
			runOnlyForDeploymentPostprocessing = 0;
		};
/* End PBXSourcesBuildPhase section */

/* Begin PBXTargetDependency section */
		1FEBC69F27D654E4009430F1 /* PBXTargetDependency */ = {
			isa = PBXTargetDependency;
			target = 1FEBC68C27D654E3009430F1 /* mt-shop-ios */;
			targetProxy = 1FEBC69E27D654E4009430F1 /* PBXContainerItemProxy */;
		};
		1FEBC6A927D654E4009430F1 /* PBXTargetDependency */ = {
			isa = PBXTargetDependency;
			target = 1FEBC68C27D654E3009430F1 /* mt-shop-ios */;
			targetProxy = 1FEBC6A827D654E4009430F1 /* PBXContainerItemProxy */;
		};
/* End PBXTargetDependency section */

/* Begin XCBuildConfiguration section */
		1FEBC6AF27D654E4009430F1 /* Debug */ = {
			isa = XCBuildConfiguration;
			buildSettings = {
				ALWAYS_SEARCH_USER_PATHS = NO;
				CLANG_ANALYZER_NONNULL = YES;
				CLANG_ANALYZER_NUMBER_OBJECT_CONVERSION = YES_AGGRESSIVE;
				CLANG_CXX_LANGUAGE_STANDARD = "gnu++17";
				CLANG_CXX_LIBRARY = "libc++";
				CLANG_ENABLE_MODULES = YES;
				CLANG_ENABLE_OBJC_ARC = YES;
				CLANG_ENABLE_OBJC_WEAK = YES;
				CLANG_WARN_BLOCK_CAPTURE_AUTORELEASING = YES;
				CLANG_WARN_BOOL_CONVERSION = YES;
				CLANG_WARN_COMMA = YES;
				CLANG_WARN_CONSTANT_CONVERSION = YES;
				CLANG_WARN_DEPRECATED_OBJC_IMPLEMENTATIONS = YES;
				CLANG_WARN_DIRECT_OBJC_ISA_USAGE = YES_ERROR;
				CLANG_WARN_DOCUMENTATION_COMMENTS = YES;
				CLANG_WARN_EMPTY_BODY = YES;
				CLANG_WARN_ENUM_CONVERSION = YES;
				CLANG_WARN_INFINITE_RECURSION = YES;
				CLANG_WARN_INT_CONVERSION = YES;
				CLANG_WARN_NON_LITERAL_NULL_CONVERSION = YES;
				CLANG_WARN_OBJC_IMPLICIT_RETAIN_SELF = YES;
				CLANG_WARN_OBJC_LITERAL_CONVERSION = YES;
				CLANG_WARN_OBJC_ROOT_CLASS = YES_ERROR;
				CLANG_WARN_QUOTED_INCLUDE_IN_FRAMEWORK_HEADER = YES;
				CLANG_WARN_RANGE_LOOP_ANALYSIS = YES;
				CLANG_WARN_STRICT_PROTOTYPES = YES;
				CLANG_WARN_SUSPICIOUS_MOVE = YES;
				CLANG_WARN_UNGUARDED_AVAILABILITY = YES_AGGRESSIVE;
				CLANG_WARN_UNREACHABLE_CODE = YES;
				CLANG_WARN__DUPLICATE_METHOD_MATCH = YES;
				COPY_PHASE_STRIP = NO;
				DEBUG_INFORMATION_FORMAT = dwarf;
				ENABLE_STRICT_OBJC_MSGSEND = YES;
				ENABLE_TESTABILITY = YES;
				GCC_C_LANGUAGE_STANDARD = gnu11;
				GCC_DYNAMIC_NO_PIC = NO;
				GCC_NO_COMMON_BLOCKS = YES;
				GCC_OPTIMIZATION_LEVEL = 0;
				GCC_PREPROCESSOR_DEFINITIONS = (
					"DEBUG=1",
					"$(inherited)",
				);
				GCC_WARN_64_TO_32_BIT_CONVERSION = YES;
				GCC_WARN_ABOUT_RETURN_TYPE = YES_ERROR;
				GCC_WARN_UNDECLARED_SELECTOR = YES;
				GCC_WARN_UNINITIALIZED_AUTOS = YES_AGGRESSIVE;
				GCC_WARN_UNUSED_FUNCTION = YES;
				GCC_WARN_UNUSED_VARIABLE = YES;
				IPHONEOS_DEPLOYMENT_TARGET = 15.2;
				MTL_ENABLE_DEBUG_INFO = INCLUDE_SOURCE;
				MTL_FAST_MATH = YES;
				ONLY_ACTIVE_ARCH = YES;
				SDKROOT = iphoneos;
				SWIFT_ACTIVE_COMPILATION_CONDITIONS = DEBUG;
				SWIFT_OPTIMIZATION_LEVEL = "-Onone";
			};
			name = Debug;
		};
		1FEBC6B027D654E4009430F1 /* Release */ = {
			isa = XCBuildConfiguration;
			buildSettings = {
				ALWAYS_SEARCH_USER_PATHS = NO;
				CLANG_ANALYZER_NONNULL = YES;
				CLANG_ANALYZER_NUMBER_OBJECT_CONVERSION = YES_AGGRESSIVE;
				CLANG_CXX_LANGUAGE_STANDARD = "gnu++17";
				CLANG_CXX_LIBRARY = "libc++";
				CLANG_ENABLE_MODULES = YES;
				CLANG_ENABLE_OBJC_ARC = YES;
				CLANG_ENABLE_OBJC_WEAK = YES;
				CLANG_WARN_BLOCK_CAPTURE_AUTORELEASING = YES;
				CLANG_WARN_BOOL_CONVERSION = YES;
				CLANG_WARN_COMMA = YES;
				CLANG_WARN_CONSTANT_CONVERSION = YES;
				CLANG_WARN_DEPRECATED_OBJC_IMPLEMENTATIONS = YES;
				CLANG_WARN_DIRECT_OBJC_ISA_USAGE = YES_ERROR;
				CLANG_WARN_DOCUMENTATION_COMMENTS = YES;
				CLANG_WARN_EMPTY_BODY = YES;
				CLANG_WARN_ENUM_CONVERSION = YES;
				CLANG_WARN_INFINITE_RECURSION = YES;
				CLANG_WARN_INT_CONVERSION = YES;
				CLANG_WARN_NON_LITERAL_NULL_CONVERSION = YES;
				CLANG_WARN_OBJC_IMPLICIT_RETAIN_SELF = YES;
				CLANG_WARN_OBJC_LITERAL_CONVERSION = YES;
				CLANG_WARN_OBJC_ROOT_CLASS = YES_ERROR;
				CLANG_WARN_QUOTED_INCLUDE_IN_FRAMEWORK_HEADER = YES;
				CLANG_WARN_RANGE_LOOP_ANALYSIS = YES;
				CLANG_WARN_STRICT_PROTOTYPES = YES;
				CLANG_WARN_SUSPICIOUS_MOVE = YES;
				CLANG_WARN_UNGUARDED_AVAILABILITY = YES_AGGRESSIVE;
				CLANG_WARN_UNREACHABLE_CODE = YES;
				CLANG_WARN__DUPLICATE_METHOD_MATCH = YES;
				COPY_PHASE_STRIP = NO;
				DEBUG_INFORMATION_FORMAT = "dwarf-with-dsym";
				ENABLE_NS_ASSERTIONS = NO;
				ENABLE_STRICT_OBJC_MSGSEND = YES;
				GCC_C_LANGUAGE_STANDARD = gnu11;
				GCC_NO_COMMON_BLOCKS = YES;
				GCC_WARN_64_TO_32_BIT_CONVERSION = YES;
				GCC_WARN_ABOUT_RETURN_TYPE = YES_ERROR;
				GCC_WARN_UNDECLARED_SELECTOR = YES;
				GCC_WARN_UNINITIALIZED_AUTOS = YES_AGGRESSIVE;
				GCC_WARN_UNUSED_FUNCTION = YES;
				GCC_WARN_UNUSED_VARIABLE = YES;
				IPHONEOS_DEPLOYMENT_TARGET = 15.2;
				MTL_ENABLE_DEBUG_INFO = NO;
				MTL_FAST_MATH = YES;
				SDKROOT = iphoneos;
				SWIFT_COMPILATION_MODE = wholemodule;
				SWIFT_OPTIMIZATION_LEVEL = "-O";
				VALIDATE_PRODUCT = YES;
			};
			name = Release;
		};
		1FEBC6B227D654E4009430F1 /* Debug */ = {
			isa = XCBuildConfiguration;
			buildSettings = {
				ASSETCATALOG_COMPILER_APPICON_NAME = AppIcon;
				ASSETCATALOG_COMPILER_GLOBAL_ACCENT_COLOR_NAME = AccentColor;
				CODE_SIGN_STYLE = Automatic;
				CURRENT_PROJECT_VERSION = 1;
				DEVELOPMENT_ASSET_PATHS = "\"mt-shop-ios/Preview Content\"";
				DEVELOPMENT_TEAM = FSDYC3FNJW;
				ENABLE_PREVIEWS = YES;
				GENERATE_INFOPLIST_FILE = YES;
				INFOPLIST_FILE = "mt-shop-ios/Info.plist";
				INFOPLIST_KEY_NSLocationWhenInUseUsageDescription = "Wir zeigen dir Stores in deiner Umgebung";
				INFOPLIST_KEY_UIApplicationSceneManifest_Generation = YES;
				INFOPLIST_KEY_UIApplicationSupportsIndirectInputEvents = YES;
				INFOPLIST_KEY_UILaunchScreen_Generation = YES;
				INFOPLIST_KEY_UISupportedInterfaceOrientations_iPad = "UIInterfaceOrientationPortrait UIInterfaceOrientationPortraitUpsideDown UIInterfaceOrientationLandscapeLeft UIInterfaceOrientationLandscapeRight";
				INFOPLIST_KEY_UISupportedInterfaceOrientations_iPhone = "UIInterfaceOrientationPortrait UIInterfaceOrientationLandscapeLeft UIInterfaceOrientationLandscapeRight";
				LD_RUNPATH_SEARCH_PATHS = (
					"$(inherited)",
					"@executable_path/Frameworks",
				);
				MARKETING_VERSION = 1.0;
				PRODUCT_BUNDLE_IDENTIFIER = "com.mw.mt-shop-ios";
				PRODUCT_NAME = "$(TARGET_NAME)";
				SWIFT_EMIT_LOC_STRINGS = YES;
				SWIFT_VERSION = 5.0;
				TARGETED_DEVICE_FAMILY = "1,2";
			};
			name = Debug;
		};
		1FEBC6B327D654E4009430F1 /* Release */ = {
			isa = XCBuildConfiguration;
			buildSettings = {
				ASSETCATALOG_COMPILER_APPICON_NAME = AppIcon;
				ASSETCATALOG_COMPILER_GLOBAL_ACCENT_COLOR_NAME = AccentColor;
				CODE_SIGN_STYLE = Automatic;
				CURRENT_PROJECT_VERSION = 1;
				DEVELOPMENT_ASSET_PATHS = "\"mt-shop-ios/Preview Content\"";
				DEVELOPMENT_TEAM = FSDYC3FNJW;
				ENABLE_PREVIEWS = YES;
				GENERATE_INFOPLIST_FILE = YES;
				INFOPLIST_FILE = "mt-shop-ios/Info.plist";
				INFOPLIST_KEY_NSLocationWhenInUseUsageDescription = "Wir zeigen dir Stores in deiner Umgebung";
				INFOPLIST_KEY_UIApplicationSceneManifest_Generation = YES;
				INFOPLIST_KEY_UIApplicationSupportsIndirectInputEvents = YES;
				INFOPLIST_KEY_UILaunchScreen_Generation = YES;
				INFOPLIST_KEY_UISupportedInterfaceOrientations_iPad = "UIInterfaceOrientationPortrait UIInterfaceOrientationPortraitUpsideDown UIInterfaceOrientationLandscapeLeft UIInterfaceOrientationLandscapeRight";
				INFOPLIST_KEY_UISupportedInterfaceOrientations_iPhone = "UIInterfaceOrientationPortrait UIInterfaceOrientationLandscapeLeft UIInterfaceOrientationLandscapeRight";
				LD_RUNPATH_SEARCH_PATHS = (
					"$(inherited)",
					"@executable_path/Frameworks",
				);
				MARKETING_VERSION = 1.0;
				PRODUCT_BUNDLE_IDENTIFIER = "com.mw.mt-shop-ios";
				PRODUCT_NAME = "$(TARGET_NAME)";
				SWIFT_EMIT_LOC_STRINGS = YES;
				SWIFT_VERSION = 5.0;
				TARGETED_DEVICE_FAMILY = "1,2";
			};
			name = Release;
		};
		1FEBC6B527D654E4009430F1 /* Debug */ = {
			isa = XCBuildConfiguration;
			buildSettings = {
				ALWAYS_EMBED_SWIFT_STANDARD_LIBRARIES = YES;
				BUNDLE_LOADER = "$(TEST_HOST)";
				CODE_SIGN_STYLE = Automatic;
				CURRENT_PROJECT_VERSION = 1;
				DEVELOPMENT_TEAM = FSDYC3FNJW;
				GENERATE_INFOPLIST_FILE = YES;
				IPHONEOS_DEPLOYMENT_TARGET = 15.2;
				MARKETING_VERSION = 1.0;
				PRODUCT_BUNDLE_IDENTIFIER = "com.mw.mt-shop-iosTests";
				PRODUCT_NAME = "$(TARGET_NAME)";
				SWIFT_EMIT_LOC_STRINGS = NO;
				SWIFT_VERSION = 5.0;
				TARGETED_DEVICE_FAMILY = "1,2";
				TEST_HOST = "$(BUILT_PRODUCTS_DIR)/mt-shop-ios.app/mt-shop-ios";
			};
			name = Debug;
		};
		1FEBC6B627D654E4009430F1 /* Release */ = {
			isa = XCBuildConfiguration;
			buildSettings = {
				ALWAYS_EMBED_SWIFT_STANDARD_LIBRARIES = YES;
				BUNDLE_LOADER = "$(TEST_HOST)";
				CODE_SIGN_STYLE = Automatic;
				CURRENT_PROJECT_VERSION = 1;
				DEVELOPMENT_TEAM = FSDYC3FNJW;
				GENERATE_INFOPLIST_FILE = YES;
				IPHONEOS_DEPLOYMENT_TARGET = 15.2;
				MARKETING_VERSION = 1.0;
				PRODUCT_BUNDLE_IDENTIFIER = "com.mw.mt-shop-iosTests";
				PRODUCT_NAME = "$(TARGET_NAME)";
				SWIFT_EMIT_LOC_STRINGS = NO;
				SWIFT_VERSION = 5.0;
				TARGETED_DEVICE_FAMILY = "1,2";
				TEST_HOST = "$(BUILT_PRODUCTS_DIR)/mt-shop-ios.app/mt-shop-ios";
			};
			name = Release;
		};
		1FEBC6B827D654E4009430F1 /* Debug */ = {
			isa = XCBuildConfiguration;
			buildSettings = {
				ALWAYS_EMBED_SWIFT_STANDARD_LIBRARIES = YES;
				CODE_SIGN_STYLE = Automatic;
				CURRENT_PROJECT_VERSION = 1;
				DEVELOPMENT_TEAM = FSDYC3FNJW;
				GENERATE_INFOPLIST_FILE = YES;
				MARKETING_VERSION = 1.0;
				PRODUCT_BUNDLE_IDENTIFIER = "com.mw.mt-shop-iosUITests";
				PRODUCT_NAME = "$(TARGET_NAME)";
				SWIFT_EMIT_LOC_STRINGS = NO;
				SWIFT_VERSION = 5.0;
				TARGETED_DEVICE_FAMILY = "1,2";
				TEST_TARGET_NAME = "mt-shop-ios";
			};
			name = Debug;
		};
		1FEBC6B927D654E4009430F1 /* Release */ = {
			isa = XCBuildConfiguration;
			buildSettings = {
				ALWAYS_EMBED_SWIFT_STANDARD_LIBRARIES = YES;
				CODE_SIGN_STYLE = Automatic;
				CURRENT_PROJECT_VERSION = 1;
				DEVELOPMENT_TEAM = FSDYC3FNJW;
				GENERATE_INFOPLIST_FILE = YES;
				MARKETING_VERSION = 1.0;
				PRODUCT_BUNDLE_IDENTIFIER = "com.mw.mt-shop-iosUITests";
				PRODUCT_NAME = "$(TARGET_NAME)";
				SWIFT_EMIT_LOC_STRINGS = NO;
				SWIFT_VERSION = 5.0;
				TARGETED_DEVICE_FAMILY = "1,2";
				TEST_TARGET_NAME = "mt-shop-ios";
			};
			name = Release;
		};
/* End XCBuildConfiguration section */

/* Begin XCConfigurationList section */
		1FEBC68827D654E3009430F1 /* Build configuration list for PBXProject "mt-shop-ios" */ = {
			isa = XCConfigurationList;
			buildConfigurations = (
				1FEBC6AF27D654E4009430F1 /* Debug */,
				1FEBC6B027D654E4009430F1 /* Release */,
			);
			defaultConfigurationIsVisible = 0;
			defaultConfigurationName = Release;
		};
		1FEBC6B127D654E4009430F1 /* Build configuration list for PBXNativeTarget "mt-shop-ios" */ = {
			isa = XCConfigurationList;
			buildConfigurations = (
				1FEBC6B227D654E4009430F1 /* Debug */,
				1FEBC6B327D654E4009430F1 /* Release */,
			);
			defaultConfigurationIsVisible = 0;
			defaultConfigurationName = Release;
		};
		1FEBC6B427D654E4009430F1 /* Build configuration list for PBXNativeTarget "mt-shop-iosTests" */ = {
			isa = XCConfigurationList;
			buildConfigurations = (
				1FEBC6B527D654E4009430F1 /* Debug */,
				1FEBC6B627D654E4009430F1 /* Release */,
			);
			defaultConfigurationIsVisible = 0;
			defaultConfigurationName = Release;
		};
		1FEBC6B727D654E4009430F1 /* Build configuration list for PBXNativeTarget "mt-shop-iosUITests" */ = {
			isa = XCConfigurationList;
			buildConfigurations = (
				1FEBC6B827D654E4009430F1 /* Debug */,
				1FEBC6B927D654E4009430F1 /* Release */,
			);
			defaultConfigurationIsVisible = 0;
			defaultConfigurationName = Release;
		};
/* End XCConfigurationList section */
	};
	rootObject = 1FEBC68527D654E3009430F1 /* Project object */;
}
